// !$*UTF8*$!
{
	archiveVersion = 1;
	classes = {
	};
	objectVersion = 54;
	objects = {

/* Begin PBXBuildFile section */
		11C7D163330DBE0E5C2FF17E /* ViewController.swift in Sources */ = {isa = PBXBuildFile; fileRef = CD3574A54E7E1B556E57C682 /* ViewController.swift */; };
		198098D8F0BF0FC246FF15A3 /* SceneDelegate.swift in Sources */ = {isa = PBXBuildFile; fileRef = 1F05A7064AB26047D3E5ECF2 /* SceneDelegate.swift */; };
		26EB8BEC9F3BEA01C51CA370 /* Assets.xcassets in Resources */ = {isa = PBXBuildFile; fileRef = 2865E7F245BF2D0197FD978E /* Assets.xcassets */; };
		C644C5A4923164543CB7A186 /* Pods_Drevmass.framework in Frameworks */ = {isa = PBXBuildFile; fileRef = 8E5CDF21BAA1AA64C02A7AE4 /* Pods_Drevmass.framework */; };
		F49BFBA873651A906DB893A4 /* AppDelegate.swift in Sources */ = {isa = PBXBuildFile; fileRef = 17732109B49FBD478433D1CD /* AppDelegate.swift */; };
/* End PBXBuildFile section */

/* Begin PBXFileReference section */
		0E5460AB1E19B5A74499F32F /* Pods-Drevmass.release.xcconfig */ = {isa = PBXFileReference; includeInIndex = 1; lastKnownFileType = text.xcconfig; name = "Pods-Drevmass.release.xcconfig"; path = "Target Support Files/Pods-Drevmass/Pods-Drevmass.release.xcconfig"; sourceTree = "<group>"; };
		17732109B49FBD478433D1CD /* AppDelegate.swift */ = {isa = PBXFileReference; lastKnownFileType = sourcecode.swift; path = AppDelegate.swift; sourceTree = "<group>"; };
		1F05A7064AB26047D3E5ECF2 /* SceneDelegate.swift */ = {isa = PBXFileReference; lastKnownFileType = sourcecode.swift; path = SceneDelegate.swift; sourceTree = "<group>"; };
		2865E7F245BF2D0197FD978E /* Assets.xcassets */ = {isa = PBXFileReference; lastKnownFileType = folder.assetcatalog; path = Assets.xcassets; sourceTree = "<group>"; };
		8E5CDF21BAA1AA64C02A7AE4 /* Pods_Drevmass.framework */ = {isa = PBXFileReference; explicitFileType = wrapper.framework; includeInIndex = 0; path = Pods_Drevmass.framework; sourceTree = BUILT_PRODUCTS_DIR; };
		936D163CDB7D826F28263691 /* Info.plist */ = {isa = PBXFileReference; lastKnownFileType = text.plist; path = Info.plist; sourceTree = "<group>"; };
		95E957CA12739B7A5D0B380B /* Drevmass.app */ = {isa = PBXFileReference; includeInIndex = 0; lastKnownFileType = wrapper.application; path = Drevmass.app; sourceTree = BUILT_PRODUCTS_DIR; };
		CD3574A54E7E1B556E57C682 /* ViewController.swift */ = {isa = PBXFileReference; lastKnownFileType = sourcecode.swift; path = ViewController.swift; sourceTree = "<group>"; };
		D564DB45308132E17FB5BF07 /* Pods-Drevmass.debug.xcconfig */ = {isa = PBXFileReference; includeInIndex = 1; lastKnownFileType = text.xcconfig; name = "Pods-Drevmass.debug.xcconfig"; path = "Target Support Files/Pods-Drevmass/Pods-Drevmass.debug.xcconfig"; sourceTree = "<group>"; };
/* End PBXFileReference section */

/* Begin PBXFrameworksBuildPhase section */
		134B4F81F3B56D7C8F9BDFB9 /* Frameworks */ = {
			isa = PBXFrameworksBuildPhase;
			buildActionMask = 2147483647;
			files = (
				C644C5A4923164543CB7A186 /* Pods_Drevmass.framework in Frameworks */,
			);
			runOnlyForDeploymentPostprocessing = 0;
		};
/* End PBXFrameworksBuildPhase section */

/* Begin PBXGroup section */
		0D46796097650A9C92B47E89 /* Frameworks */ = {
			isa = PBXGroup;
			children = (
				8E5CDF21BAA1AA64C02A7AE4 /* Pods_Drevmass.framework */,
			);
			name = Frameworks;
			sourceTree = "<group>";
		};
		28B6D3B63C8791F66ED346B5 /* Pods */ = {
			isa = PBXGroup;
			children = (
				D564DB45308132E17FB5BF07 /* Pods-Drevmass.debug.xcconfig */,
				0E5460AB1E19B5A74499F32F /* Pods-Drevmass.release.xcconfig */,
			);
			name = Pods;
			path = Pods;
			sourceTree = "<group>";
		};
		2EA71FABAC24240E6AD8BEAE = {
			isa = PBXGroup;
			children = (
				4C01E6E4E23DEEADC5EAC7F5 /* Drevmass */,
				A97AF98BE950F0D4845C571B /* Products */,
				28B6D3B63C8791F66ED346B5 /* Pods */,
				0D46796097650A9C92B47E89 /* Frameworks */,
			);
			sourceTree = "<group>";
		};
		4C01E6E4E23DEEADC5EAC7F5 /* Drevmass */ = {
			isa = PBXGroup;
			children = (
				B7FD61DB525B5742C79C15B2 /* Application */,
				F9DA969BAA3A01E3B8996B22 /* Resources */,
				7D9C5502ED91E02FBB311D6A /* ViewControllers */,
				936D163CDB7D826F28263691 /* Info.plist */,
			);
			path = Drevmass;
			sourceTree = "<group>";
		};
		7D9C5502ED91E02FBB311D6A /* ViewControllers */ = {
			isa = PBXGroup;
			children = (
				CD3574A54E7E1B556E57C682 /* ViewController.swift */,
			);
			path = ViewControllers;
			sourceTree = "<group>";
		};
		A97AF98BE950F0D4845C571B /* Products */ = {
			isa = PBXGroup;
			children = (
				95E957CA12739B7A5D0B380B /* Drevmass.app */,
			);
			name = Products;
			sourceTree = "<group>";
		};
		B7FD61DB525B5742C79C15B2 /* Application */ = {
			isa = PBXGroup;
			children = (
				17732109B49FBD478433D1CD /* AppDelegate.swift */,
				1F05A7064AB26047D3E5ECF2 /* SceneDelegate.swift */,
			);
			path = Application;
			sourceTree = "<group>";
		};
		F9DA969BAA3A01E3B8996B22 /* Resources */ = {
			isa = PBXGroup;
			children = (
				2865E7F245BF2D0197FD978E /* Assets.xcassets */,
			);
			path = Resources;
			sourceTree = "<group>";
		};
/* End PBXGroup section */

/* Begin PBXNativeTarget section */
		24B2210B9775A9C654284CBC /* Drevmass */ = {
			isa = PBXNativeTarget;
			buildConfigurationList = ACD03DB07E7E1C5C513F00B1 /* Build configuration list for PBXNativeTarget "Drevmass" */;
			buildPhases = (
				44227430EC7C8F91BA14C46C /* [CP] Check Pods Manifest.lock */,
				109C7C9E0E04F3CBFA069275 /* Sources */,
				959A07C4F08599A25A7CE693 /* Resources */,
				134B4F81F3B56D7C8F9BDFB9 /* Frameworks */,
				39F97D2065C180875EF8F6C9 /* [CP] Embed Pods Frameworks */,
			);
			buildRules = (
			);
			dependencies = (
			);
			name = Drevmass;
			productName = Drevmass;
			productReference = 95E957CA12739B7A5D0B380B /* Drevmass.app */;
			productType = "com.apple.product-type.application";
		};
/* End PBXNativeTarget section */

/* Begin PBXProject section */
		1AF4472FD9F3AE6E29230575 /* Project object */ = {
			isa = PBXProject;
			attributes = {
				BuildIndependentTargetsInParallel = YES;
				LastUpgradeCheck = 1430;
				TargetAttributes = {
				};
			};
			buildConfigurationList = FA1AC38C9B4D8BCC4A609284 /* Build configuration list for PBXProject "Drevmass" */;
			compatibilityVersion = "Xcode 14.0";
			developmentRegion = ru;
			hasScannedForEncodings = 0;
			knownRegions = (
				Base,
				ru,
			);
			mainGroup = 2EA71FABAC24240E6AD8BEAE;
			productRefGroup = A97AF98BE950F0D4845C571B /* Products */;
			projectDirPath = "";
			projectRoot = "";
			targets = (
				24B2210B9775A9C654284CBC /* Drevmass */,
			);
		};
/* End PBXProject section */

/* Begin PBXResourcesBuildPhase section */
		959A07C4F08599A25A7CE693 /* Resources */ = {
			isa = PBXResourcesBuildPhase;
			buildActionMask = 2147483647;
			files = (
				26EB8BEC9F3BEA01C51CA370 /* Assets.xcassets in Resources */,
			);
			runOnlyForDeploymentPostprocessing = 0;
		};
/* End PBXResourcesBuildPhase section */

/* Begin PBXShellScriptBuildPhase section */
		39F97D2065C180875EF8F6C9 /* [CP] Embed Pods Frameworks */ = {
			isa = PBXShellScriptBuildPhase;
			buildActionMask = 2147483647;
			files = (
			);
			inputFileListPaths = (
				"${PODS_ROOT}/Target Support Files/Pods-Drevmass/Pods-Drevmass-frameworks-${CONFIGURATION}-input-files.xcfilelist",
			);
			name = "[CP] Embed Pods Frameworks";
			outputFileListPaths = (
				"${PODS_ROOT}/Target Support Files/Pods-Drevmass/Pods-Drevmass-frameworks-${CONFIGURATION}-output-files.xcfilelist",
			);
			runOnlyForDeploymentPostprocessing = 0;
			shellPath = /bin/sh;
			shellScript = "\"${PODS_ROOT}/Target Support Files/Pods-Drevmass/Pods-Drevmass-frameworks.sh\"\n";
			showEnvVarsInLog = 0;
		};
		44227430EC7C8F91BA14C46C /* [CP] Check Pods Manifest.lock */ = {
			isa = PBXShellScriptBuildPhase;
			buildActionMask = 2147483647;
			files = (
			);
			inputFileListPaths = (
			);
			inputPaths = (
				"${PODS_PODFILE_DIR_PATH}/Podfile.lock",
				"${PODS_ROOT}/Manifest.lock",
			);
			name = "[CP] Check Pods Manifest.lock";
			outputFileListPaths = (
			);
			outputPaths = (
				"$(DERIVED_FILE_DIR)/Pods-Drevmass-checkManifestLockResult.txt",
			);
			runOnlyForDeploymentPostprocessing = 0;
			shellPath = /bin/sh;
			shellScript = "diff \"${PODS_PODFILE_DIR_PATH}/Podfile.lock\" \"${PODS_ROOT}/Manifest.lock\" > /dev/null\nif [ $? != 0 ] ; then\n    # print error to STDERR\n    echo \"error: The sandbox is not in sync with the Podfile.lock. Run 'pod install' or update your CocoaPods installation.\" >&2\n    exit 1\nfi\n# This output is used by Xcode 'outputs' to avoid re-running this script phase.\necho \"SUCCESS\" > \"${SCRIPT_OUTPUT_FILE_0}\"\n";
			showEnvVarsInLog = 0;
		};
/* End PBXShellScriptBuildPhase section */

/* Begin PBXSourcesBuildPhase section */
		109C7C9E0E04F3CBFA069275 /* Sources */ = {
			isa = PBXSourcesBuildPhase;
			buildActionMask = 2147483647;
			files = (
				F49BFBA873651A906DB893A4 /* AppDelegate.swift in Sources */,
				198098D8F0BF0FC246FF15A3 /* SceneDelegate.swift in Sources */,
				11C7D163330DBE0E5C2FF17E /* ViewController.swift in Sources */,
			);
			runOnlyForDeploymentPostprocessing = 0;
		};
/* End PBXSourcesBuildPhase section */

/* Begin XCBuildConfiguration section */
		2D6D2A6CF21E4FC3CE901A00 /* Debug */ = {
			isa = XCBuildConfiguration;
			buildSettings = {
				ALWAYS_SEARCH_USER_PATHS = NO;
				CLANG_ANALYZER_NONNULL = YES;
				CLANG_ANALYZER_NUMBER_OBJECT_CONVERSION = YES_AGGRESSIVE;
				CLANG_CXX_LANGUAGE_STANDARD = "gnu++14";
				CLANG_CXX_LIBRARY = "libc++";
				CLANG_ENABLE_MODULES = YES;
				CLANG_ENABLE_OBJC_ARC = YES;
				CLANG_ENABLE_OBJC_WEAK = YES;
				CLANG_WARN_BLOCK_CAPTURE_AUTORELEASING = YES;
				CLANG_WARN_BOOL_CONVERSION = YES;
				CLANG_WARN_COMMA = YES;
				CLANG_WARN_CONSTANT_CONVERSION = YES;
				CLANG_WARN_DEPRECATED_OBJC_IMPLEMENTATIONS = YES;
				CLANG_WARN_DIRECT_OBJC_ISA_USAGE = YES_ERROR;
				CLANG_WARN_DOCUMENTATION_COMMENTS = YES;
				CLANG_WARN_EMPTY_BODY = YES;
				CLANG_WARN_ENUM_CONVERSION = YES;
				CLANG_WARN_INFINITE_RECURSION = YES;
				CLANG_WARN_INT_CONVERSION = YES;
				CLANG_WARN_NON_LITERAL_NULL_CONVERSION = YES;
				CLANG_WARN_OBJC_IMPLICIT_RETAIN_SELF = YES;
				CLANG_WARN_OBJC_LITERAL_CONVERSION = YES;
				CLANG_WARN_OBJC_ROOT_CLASS = YES_ERROR;
				CLANG_WARN_QUOTED_INCLUDE_IN_FRAMEWORK_HEADER = YES;
				CLANG_WARN_RANGE_LOOP_ANALYSIS = YES;
				CLANG_WARN_STRICT_PROTOTYPES = YES;
				CLANG_WARN_SUSPICIOUS_MOVE = YES;
				CLANG_WARN_UNGUARDED_AVAILABILITY = YES_AGGRESSIVE;
				CLANG_WARN_UNREACHABLE_CODE = YES;
				CLANG_WARN__DUPLICATE_METHOD_MATCH = YES;
				COPY_PHASE_STRIP = NO;
				DEBUG_INFORMATION_FORMAT = dwarf;
				ENABLE_STRICT_OBJC_MSGSEND = YES;
				ENABLE_TESTABILITY = YES;
				GCC_C_LANGUAGE_STANDARD = gnu11;
				GCC_DYNAMIC_NO_PIC = NO;
				GCC_NO_COMMON_BLOCKS = YES;
				GCC_OPTIMIZATION_LEVEL = 0;
				GCC_PREPROCESSOR_DEFINITIONS = (
					"$(inherited)",
					"DEBUG=1",
				);
				GCC_WARN_64_TO_32_BIT_CONVERSION = YES;
				GCC_WARN_ABOUT_RETURN_TYPE = YES_ERROR;
				GCC_WARN_UNDECLARED_SELECTOR = YES;
				GCC_WARN_UNINITIALIZED_AUTOS = YES_AGGRESSIVE;
				GCC_WARN_UNUSED_FUNCTION = YES;
				GCC_WARN_UNUSED_VARIABLE = YES;
				IPHONEOS_DEPLOYMENT_TARGET = 15.0;
				MTL_ENABLE_DEBUG_INFO = INCLUDE_SOURCE;
				MTL_FAST_MATH = YES;
				ONLY_ACTIVE_ARCH = YES;
				PRODUCT_NAME = "$(TARGET_NAME)";
				SDKROOT = iphoneos;
				SWIFT_ACTIVE_COMPILATION_CONDITIONS = DEBUG;
				SWIFT_OPTIMIZATION_LEVEL = "-Onone";
				SWIFT_VERSION = 5.0;
			};
			name = Debug;
		};
		72D980B472AA7D1440E508C9 /* Release */ = {
			isa = XCBuildConfiguration;
			baseConfigurationReference = 0E5460AB1E19B5A74499F32F /* Pods-Drevmass.release.xcconfig */;
			buildSettings = {
				ASSETCATALOG_COMPILER_APPICON_NAME = AppIcon;
				CODE_SIGN_IDENTITY = "iPhone Developer";
				ENABLE_USER_SCRIPT_SANDBOXING = NO;
				INFOPLIST_FILE = Drevmass/Info.plist;
				IPHONEOS_DEPLOYMENT_TARGET = 15.0;
				LD_RUNPATH_SEARCH_PATHS = (
					"$(inherited)",
					"@executable_path/Frameworks",
				);
				PRODUCT_BUNDLE_IDENTIFIER = kz.mobydev.Drevmass;
				SDKROOT = iphoneos;
				SUPPORTED_PLATFORMS = "iphoneos iphonesimulator";
				SUPPORTS_MACCATALYST = NO;
				SUPPORTS_MAC_DESIGNED_FOR_IPHONE_IPAD = NO;
				SUPPORTS_XR_DESIGNED_FOR_IPHONE_IPAD = NO;
				TARGETED_DEVICE_FAMILY = "1,2";
			};
			name = Release;
		};
		8E16412B7F794BAFDF839FB3 /* Debug */ = {
			isa = XCBuildConfiguration;
			baseConfigurationReference = D564DB45308132E17FB5BF07 /* Pods-Drevmass.debug.xcconfig */;
			buildSettings = {
				ASSETCATALOG_COMPILER_APPICON_NAME = AppIcon;
				CODE_SIGN_IDENTITY = "iPhone Developer";
				ENABLE_USER_SCRIPT_SANDBOXING = NO;
				INFOPLIST_FILE = Drevmass/Info.plist;
				IPHONEOS_DEPLOYMENT_TARGET = 15.0;
				LD_RUNPATH_SEARCH_PATHS = (
					"$(inherited)",
					"@executable_path/Frameworks",
				);
				PRODUCT_BUNDLE_IDENTIFIER = kz.mobydev.Drevmass;
				SDKROOT = iphoneos;
				SUPPORTED_PLATFORMS = "iphoneos iphonesimulator";
				SUPPORTS_MACCATALYST = NO;
				SUPPORTS_MAC_DESIGNED_FOR_IPHONE_IPAD = NO;
				SUPPORTS_XR_DESIGNED_FOR_IPHONE_IPAD = NO;
				TARGETED_DEVICE_FAMILY = "1,2";
			};
			name = Debug;
		};
		C47FDDCA100DACFBA59EA17D /* Release */ = {
			isa = XCBuildConfiguration;
			buildSettings = {
				ALWAYS_SEARCH_USER_PATHS = NO;
				CLANG_ANALYZER_NONNULL = YES;
				CLANG_ANALYZER_NUMBER_OBJECT_CONVERSION = YES_AGGRESSIVE;
				CLANG_CXX_LANGUAGE_STANDARD = "gnu++14";
				CLANG_CXX_LIBRARY = "libc++";
				CLANG_ENABLE_MODULES = YES;
				CLANG_ENABLE_OBJC_ARC = YES;
				CLANG_ENABLE_OBJC_WEAK = YES;
				CLANG_WARN_BLOCK_CAPTURE_AUTORELEASING = YES;
				CLANG_WARN_BOOL_CONVERSION = YES;
				CLANG_WARN_COMMA = YES;
				CLANG_WARN_CONSTANT_CONVERSION = YES;
				CLANG_WARN_DEPRECATED_OBJC_IMPLEMENTATIONS = YES;
				CLANG_WARN_DIRECT_OBJC_ISA_USAGE = YES_ERROR;
				CLANG_WARN_DOCUMENTATION_COMMENTS = YES;
				CLANG_WARN_EMPTY_BODY = YES;
				CLANG_WARN_ENUM_CONVERSION = YES;
				CLANG_WARN_INFINITE_RECURSION = YES;
				CLANG_WARN_INT_CONVERSION = YES;
				CLANG_WARN_NON_LITERAL_NULL_CONVERSION = YES;
				CLANG_WARN_OBJC_IMPLICIT_RETAIN_SELF = YES;
				CLANG_WARN_OBJC_LITERAL_CONVERSION = YES;
				CLANG_WARN_OBJC_ROOT_CLASS = YES_ERROR;
				CLANG_WARN_QUOTED_INCLUDE_IN_FRAMEWORK_HEADER = YES;
				CLANG_WARN_RANGE_LOOP_ANALYSIS = YES;
				CLANG_WARN_STRICT_PROTOTYPES = YES;
				CLANG_WARN_SUSPICIOUS_MOVE = YES;
				CLANG_WARN_UNGUARDED_AVAILABILITY = YES_AGGRESSIVE;
				CLANG_WARN_UNREACHABLE_CODE = YES;
				CLANG_WARN__DUPLICATE_METHOD_MATCH = YES;
				COPY_PHASE_STRIP = NO;
				DEBUG_INFORMATION_FORMAT = "dwarf-with-dsym";
				ENABLE_NS_ASSERTIONS = NO;
				ENABLE_STRICT_OBJC_MSGSEND = YES;
				GCC_C_LANGUAGE_STANDARD = gnu11;
				GCC_NO_COMMON_BLOCKS = YES;
				GCC_WARN_64_TO_32_BIT_CONVERSION = YES;
				GCC_WARN_ABOUT_RETURN_TYPE = YES_ERROR;
				GCC_WARN_UNDECLARED_SELECTOR = YES;
				GCC_WARN_UNINITIALIZED_AUTOS = YES_AGGRESSIVE;
				GCC_WARN_UNUSED_FUNCTION = YES;
				GCC_WARN_UNUSED_VARIABLE = YES;
				IPHONEOS_DEPLOYMENT_TARGET = 15.0;
				MTL_ENABLE_DEBUG_INFO = NO;
				MTL_FAST_MATH = YES;
				PRODUCT_NAME = "$(TARGET_NAME)";
				SDKROOT = iphoneos;
				SWIFT_COMPILATION_MODE = wholemodule;
				SWIFT_OPTIMIZATION_LEVEL = "-O";
				SWIFT_VERSION = 5.0;
			};
			name = Release;
		};
/* End XCBuildConfiguration section */

/* Begin XCConfigurationList section */
		ACD03DB07E7E1C5C513F00B1 /* Build configuration list for PBXNativeTarget "Drevmass" */ = {
			isa = XCConfigurationList;
			buildConfigurations = (
				8E16412B7F794BAFDF839FB3 /* Debug */,
				72D980B472AA7D1440E508C9 /* Release */,
			);
			defaultConfigurationIsVisible = 0;
			defaultConfigurationName = Debug;
		};
		FA1AC38C9B4D8BCC4A609284 /* Build configuration list for PBXProject "Drevmass" */ = {
			isa = XCConfigurationList;
			buildConfigurations = (
				2D6D2A6CF21E4FC3CE901A00 /* Debug */,
				C47FDDCA100DACFBA59EA17D /* Release */,
			);
			defaultConfigurationIsVisible = 0;
			defaultConfigurationName = Debug;
		};
/* End XCConfigurationList section */
	};
	rootObject = 1AF4472FD9F3AE6E29230575 /* Project object */;
}
